
Microsoft Visual Studio Solution File, Format Version 12.00
# Visual Studio 2012
Project("{2150E333-8FDC-42A3-9474-1A3956D46DE8}") = "App", "App", "{4EF2343D-0F52-4D4A-BACC-DA5AE4E7B0E9}"
EndProject
Project("{2150E333-8FDC-42A3-9474-1A3956D46DE8}") = "Library", "Library", "{30A8CD4D-61B0-4B6F-93B4-8A98547457DC}"
EndProject
Project("{8BC9CEB8-8B4A-11D0-8D11-00A0C91BC942}") = "BaseClasses", "src\Library\BaseClasses\BaseClasses.vcxproj", "{63901CA0-59F1-4351-8B01-0327EF746886}"
EndProject
Project("{8BC9CEB8-8B4A-11D0-8D11-00A0C91BC942}") = "jrtplib", "src\Library\jrtplib\jrtplib.vcxproj", "{67F9C083-FBD8-4293-84A4-6BFD4CB295BA}"
EndProject
Project("{8BC9CEB8-8B4A-11D0-8D11-00A0C91BC942}") = "Demuxers", "src\Library\Demuxers\Demuxers.vcxproj", "{8FF77794-D3B7-4A70-BA37-9A96A6D1B5A7}"
EndProject
Project("{8BC9CEB8-8B4A-11D0-8D11-00A0C91BC942}") = "LibBluray", "src\Library\LibBluray\LibBluray.vcxproj", "{A71E8C21-E6F4-44DD-8259-95A926E57294}"
EndProject
Project("{8BC9CEB8-8B4A-11D0-8D11-00A0C91BC942}") = "DSUtilLite", "src\Library\DSUtilLite\DSUtilLite.vcxproj", "{EE70DA3F-D22E-42CD-97F4-E6F5B83051C4}"
EndProject
Project("{8BC9CEB8-8B4A-11D0-8D11-00A0C91BC942}") = "zlib", "src\Library\zlib\zlib.vcxproj", "{37F84D69-EE85-40DD-8A6F-DE85B0D07D35}"
EndProject
Project("{2150E333-8FDC-42A3-9474-1A3956D46DE8}") = "Filters", "Filters", "{885AAF08-6587-4346-B4FE-767CAE151A95}"
EndProject
Project("{8BC9CEB8-8B4A-11D0-8D11-00A0C91BC942}") = "LAVSplitter", "src\Filters\LAVSplitter\LAVSplitter.vcxproj", "{1B81051D-F55D-423A-BFF2-84B6B956D46E}"
EndProject
Project("{8BC9CEB8-8B4A-11D0-8D11-00A0C91BC942}") = "GMFBridge", "src\Library\GMFBridge\GMFBridge.vcxproj", "{C563F66C-BC82-4D6D-910C-B77CFD15449F}"
EndProject
Project("{8BC9CEB8-8B4A-11D0-8D11-00A0C91BC942}") = "RTSPServer", "src\Filters\RTSPServer\RTSPServer.vcxproj", "{6F5A6904-D3E5-4354-BCC4-D3865E362CA8}"
EndProject
Project("{8BC9CEB8-8B4A-11D0-8D11-00A0C91BC942}") = "GMFPlay", "src\App\GMFPlay\GMFPlay.vcxproj", "{16C23793-7B0D-45BD-A88E-3424453C76AB}"
EndProject
Project("{8BC9CEB8-8B4A-11D0-8D11-00A0C91BC942}") = "GMFPreview", "src\App\GMFPreview\GMFPreview.vcxproj", "{A22ADE6B-AA6A-4F0E-9BDA-466CC3F384A7}"
EndProject
Global
	GlobalSection(SolutionConfigurationPlatforms) = preSolution
		Debug|Win32 = Debug|Win32
		Debug|x64 = Debug|x64
		Release|Win32 = Release|Win32
		Release|x64 = Release|x64
	EndGlobalSection
	GlobalSection(ProjectConfigurationPlatforms) = postSolution
		{63901CA0-59F1-4351-8B01-0327EF746886}.Debug|Win32.ActiveCfg = Debug|Win32
		{63901CA0-59F1-4351-8B01-0327EF746886}.Debug|Win32.Build.0 = Debug|Win32
		{63901CA0-59F1-4351-8B01-0327EF746886}.Debug|x64.ActiveCfg = Debug|Win32
		{63901CA0-59F1-4351-8B01-0327EF746886}.Release|Win32.ActiveCfg = Release|Win32
		{63901CA0-59F1-4351-8B01-0327EF746886}.Release|Win32.Build.0 = Release|Win32
		{63901CA0-59F1-4351-8B01-0327EF746886}.Release|x64.ActiveCfg = Release|Win32
		{67F9C083-FBD8-4293-84A4-6BFD4CB295BA}.Debug|Win32.ActiveCfg = Debug|Win32
		{67F9C083-FBD8-4293-84A4-6BFD4CB295BA}.Debug|Win32.Build.0 = Debug|Win32
		{67F9C083-FBD8-4293-84A4-6BFD4CB295BA}.Debug|x64.ActiveCfg = Debug|Win32
		{67F9C083-FBD8-4293-84A4-6BFD4CB295BA}.Release|Win32.ActiveCfg = Release|Win32
		{67F9C083-FBD8-4293-84A4-6BFD4CB295BA}.Release|Win32.Build.0 = Release|Win32
		{67F9C083-FBD8-4293-84A4-6BFD4CB295BA}.Release|x64.ActiveCfg = Release|Win32
		{8FF77794-D3B7-4A70-BA37-9A96A6D1B5A7}.Debug|Win32.ActiveCfg = Debug|Win32
		{8FF77794-D3B7-4A70-BA37-9A96A6D1B5A7}.Debug|Win32.Build.0 = Debug|Win32
		{8FF77794-D3B7-4A70-BA37-9A96A6D1B5A7}.Debug|x64.ActiveCfg = Debug|Win32
		{8FF77794-D3B7-4A70-BA37-9A96A6D1B5A7}.Release|Win32.ActiveCfg = Release|Win32
		{8FF77794-D3B7-4A70-BA37-9A96A6D1B5A7}.Release|Win32.Build.0 = Release|Win32
		{8FF77794-D3B7-4A70-BA37-9A96A6D1B5A7}.Release|x64.ActiveCfg = Release|Win32
		{A71E8C21-E6F4-44DD-8259-95A926E57294}.Debug|Win32.ActiveCfg = Debug|Win32
		{A71E8C21-E6F4-44DD-8259-95A926E57294}.Debug|Win32.Build.0 = Debug|Win32
		{A71E8C21-E6F4-44DD-8259-95A926E57294}.Debug|x64.ActiveCfg = Debug|Win32
		{A71E8C21-E6F4-44DD-8259-95A926E57294}.Release|Win32.ActiveCfg = Release|Win32
		{A71E8C21-E6F4-44DD-8259-95A926E57294}.Release|Win32.Build.0 = Release|Win32
		{A71E8C21-E6F4-44DD-8259-95A926E57294}.Release|x64.ActiveCfg = Release|Win32
		{EE70DA3F-D22E-42CD-97F4-E6F5B83051C4}.Debug|Win32.ActiveCfg = Debug|Win32
		{EE70DA3F-D22E-42CD-97F4-E6F5B83051C4}.Debug|Win32.Build.0 = Debug|Win32
		{EE70DA3F-D22E-42CD-97F4-E6F5B83051C4}.Debug|x64.ActiveCfg = Debug|Win32
		{EE70DA3F-D22E-42CD-97F4-E6F5B83051C4}.Release|Win32.ActiveCfg = Release|Win32
		{EE70DA3F-D22E-42CD-97F4-E6F5B83051C4}.Release|Win32.Build.0 = Release|Win32
		{EE70DA3F-D22E-42CD-97F4-E6F5B83051C4}.Release|x64.ActiveCfg = Release|Win32
		{37F84D69-EE85-40DD-8A6F-DE85B0D07D35}.Debug|Win32.ActiveCfg = Debug|Win32
		{37F84D69-EE85-40DD-8A6F-DE85B0D07D35}.Debug|Win32.Build.0 = Debug|Win32
		{37F84D69-EE85-40DD-8A6F-DE85B0D07D35}.Debug|x64.ActiveCfg = Debug|Win32
		{37F84D69-EE85-40DD-8A6F-DE85B0D07D35}.Release|Win32.ActiveCfg = Release|Win32
		{37F84D69-EE85-40DD-8A6F-DE85B0D07D35}.Release|Win32.Build.0 = Release|Win32
		{37F84D69-EE85-40DD-8A6F-DE85B0D07D35}.Release|x64.ActiveCfg = Release|Win32
		{1B81051D-F55D-423A-BFF2-84B6B956D46E}.Debug|Win32.ActiveCfg = Debug|Win32
		{1B81051D-F55D-423A-BFF2-84B6B956D46E}.Debug|Win32.Build.0 = Debug|Win32
		{1B81051D-F55D-423A-BFF2-84B6B956D46E}.Debug|x64.ActiveCfg = Debug|Win32
		{1B81051D-F55D-423A-BFF2-84B6B956D46E}.Release|Win32.ActiveCfg = Release|Win32
		{1B81051D-F55D-423A-BFF2-84B6B956D46E}.Release|Win32.Build.0 = Release|Win32
		{1B81051D-F55D-423A-BFF2-84B6B956D46E}.Release|x64.ActiveCfg = Release|Win32
		{C563F66C-BC82-4D6D-910C-B77CFD15449F}.Debug|Win32.ActiveCfg = Debug|Win32
		{C563F66C-BC82-4D6D-910C-B77CFD15449F}.Debug|Win32.Build.0 = Debug|Win32
		{C563F66C-BC82-4D6D-910C-B77CFD15449F}.Debug|x64.ActiveCfg = Debug|Win32
		{C563F66C-BC82-4D6D-910C-B77CFD15449F}.Release|Win32.ActiveCfg = Release|Win32
		{C563F66C-BC82-4D6D-910C-B77CFD15449F}.Release|Win32.Build.0 = Release|Win32
		{C563F66C-BC82-4D6D-910C-B77CFD15449F}.Release|x64.ActiveCfg = Release|Win32
		{6F5A6904-D3E5-4354-BCC4-D3865E362CA8}.Debug|Win32.ActiveCfg = Debug|Win32
		{6F5A6904-D3E5-4354-BCC4-D3865E362CA8}.Debug|Win32.Build.0 = Debug|Win32
		{6F5A6904-D3E5-4354-BCC4-D3865E362CA8}.Debug|x64.ActiveCfg = Debug|Win32
		{6F5A6904-D3E5-4354-BCC4-D3865E362CA8}.Release|Win32.ActiveCfg = Release|Win32
		{6F5A6904-D3E5-4354-BCC4-D3865E362CA8}.Release|Win32.Build.0 = Release|Win32
		{6F5A6904-D3E5-4354-BCC4-D3865E362CA8}.Release|x64.ActiveCfg = Release|Win32
		{16C23793-7B0D-45BD-A88E-3424453C76AB}.Debug|Win32.ActiveCfg = Debug|Win32
		{16C23793-7B0D-45BD-A88E-3424453C76AB}.Debug|Win32.Build.0 = Debug|Win32
		{16C23793-7B0D-45BD-A88E-3424453C76AB}.Debug|x64.ActiveCfg = Debug|Win32
		{16C23793-7B0D-45BD-A88E-3424453C76AB}.Release|Win32.ActiveCfg = Release|Win32
		{16C23793-7B0D-45BD-A88E-3424453C76AB}.Release|Win32.Build.0 = Release|Win32
		{16C23793-7B0D-45BD-A88E-3424453C76AB}.Release|x64.ActiveCfg = Release|Win32
		{A22ADE6B-AA6A-4F0E-9BDA-466CC3F384A7}.Debug|Win32.ActiveCfg = Debug|Win32
		{A22ADE6B-AA6A-4F0E-9BDA-466CC3F384A7}.Debug|Win32.Build.0 = Debug|Win32
		{A22ADE6B-AA6A-4F0E-9BDA-466CC3F384A7}.Debug|x64.ActiveCfg = Debug|Win32
		{A22ADE6B-AA6A-4F0E-9BDA-466CC3F384A7}.Release|Win32.ActiveCfg = Release|Win32
		{A22ADE6B-AA6A-4F0E-9BDA-466CC3F384A7}.Release|Win32.Build.0 = Release|Win32
		{A22ADE6B-AA6A-4F0E-9BDA-466CC3F384A7}.Release|x64.ActiveCfg = Release|Win32
	EndGlobalSection
	GlobalSection(SolutionProperties) = preSolution
		HideSolutionNode = FALSE
	EndGlobalSection
	GlobalSection(NestedProjects) = preSolution
		{16C23793-7B0D-45BD-A88E-3424453C76AB} = {4EF2343D-0F52-4D4A-BACC-DA5AE4E7B0E9}
		{A22ADE6B-AA6A-4F0E-9BDA-466CC3F384A7} = {4EF2343D-0F52-4D4A-BACC-DA5AE4E7B0E9}
		{63901CA0-59F1-4351-8B01-0327EF746886} = {30A8CD4D-61B0-4B6F-93B4-8A98547457DC}
		{67F9C083-FBD8-4293-84A4-6BFD4CB295BA} = {30A8CD4D-61B0-4B6F-93B4-8A98547457DC}
		{8FF77794-D3B7-4A70-BA37-9A96A6D1B5A7} = {30A8CD4D-61B0-4B6F-93B4-8A98547457DC}
		{A71E8C21-E6F4-44DD-8259-95A926E57294} = {30A8CD4D-61B0-4B6F-93B4-8A98547457DC}
		{EE70DA3F-D22E-42CD-97F4-E6F5B83051C4} = {30A8CD4D-61B0-4B6F-93B4-8A98547457DC}
		{37F84D69-EE85-40DD-8A6F-DE85B0D07D35} = {30A8CD4D-61B0-4B6F-93B4-8A98547457DC}
		{C563F66C-BC82-4D6D-910C-B77CFD15449F} = {30A8CD4D-61B0-4B6F-93B4-8A98547457DC}
		{1B81051D-F55D-423A-BFF2-84B6B956D46E} = {885AAF08-6587-4346-B4FE-767CAE151A95}
		{6F5A6904-D3E5-4354-BCC4-D3865E362CA8} = {885AAF08-6587-4346-B4FE-767CAE151A95}
	EndGlobalSection
EndGlobal
